// !$*UTF8*$!
{
	archiveVersion = 1;
	classes = {
	};
	objectVersion = 46;
	objects = {

/* Begin PBXBuildFile section */
		2D7A5B8B1D703C1400D122C5 /* 01.png in Resources */ = {isa = PBXBuildFile; fileRef = 2D7A5B8A1D703C1400D122C5 /* 01.png */; };
		2D972AE71D75BC59009ED529 /* LoginViewController.m in Sources */ = {isa = PBXBuildFile; fileRef = 2D972AE61D75BC59009ED529 /* LoginViewController.m */; };
		2D9F65FE1D71C7D200B08087 /* RegisterViewController.m in Sources */ = {isa = PBXBuildFile; fileRef = 2D9F65FD1D71C7D200B08087 /* RegisterViewController.m */; };
		2DAD82EA1D6AD90C00204866 /* main.m in Sources */ = {isa = PBXBuildFile; fileRef = 2DAD82E91D6AD90C00204866 /* main.m */; };
		2DAD82ED1D6AD90C00204866 /* AppDelegate.m in Sources */ = {isa = PBXBuildFile; fileRef = 2DAD82EC1D6AD90C00204866 /* AppDelegate.m */; };
		2DAD82F01D6AD90C00204866 /* ViewController.m in Sources */ = {isa = PBXBuildFile; fileRef = 2DAD82EF1D6AD90C00204866 /* ViewController.m */; };
		2DAD82F31D6AD90C00204866 /* Main.storyboard in Resources */ = {isa = PBXBuildFile; fileRef = 2DAD82F11D6AD90C00204866 /* Main.storyboard */; };
		2DAD82F51D6AD90C00204866 /* Assets.xcassets in Resources */ = {isa = PBXBuildFile; fileRef = 2DAD82F41D6AD90C00204866 /* Assets.xcassets */; };
		2DAD82F81D6AD90C00204866 /* LaunchScreen.storyboard in Resources */ = {isa = PBXBuildFile; fileRef = 2DAD82F61D6AD90C00204866 /* LaunchScreen.storyboard */; };
		2DAD83031D6AD90C00204866 /* ComputerPaperRecommenderTests.m in Sources */ = {isa = PBXBuildFile; fileRef = 2DAD83021D6AD90C00204866 /* ComputerPaperRecommenderTests.m */; };
		2DAD830E1D6AD90C00204866 /* ComputerPaperRecommenderUITests.m in Sources */ = {isa = PBXBuildFile; fileRef = 2DAD830D1D6AD90C00204866 /* ComputerPaperRecommenderUITests.m */; };
/* End PBXBuildFile section */

/* Begin PBXContainerItemProxy section */
		2DAD82FF1D6AD90C00204866 /* PBXContainerItemProxy */ = {
			isa = PBXContainerItemProxy;
			containerPortal = 2DAD82DD1D6AD90C00204866 /* Project object */;
			proxyType = 1;
			remoteGlobalIDString = 2DAD82E41D6AD90C00204866;
			remoteInfo = ComputerPaperRecommender;
		};
		2DAD830A1D6AD90C00204866 /* PBXContainerItemProxy */ = {
			isa = PBXContainerItemProxy;
			containerPortal = 2DAD82DD1D6AD90C00204866 /* Project object */;
			proxyType = 1;
			remoteGlobalIDString = 2DAD82E41D6AD90C00204866;
			remoteInfo = ComputerPaperRecommender;
		};
/* End PBXContainerItemProxy section */

/* Begin PBXFileReference section */
		2D7A5B8A1D703C1400D122C5 /* 01.png */ = {isa = PBXFileReference; lastKnownFileType = image.png; name = 01.png; path = ../../01.png; sourceTree = "<group>"; };
		2D972AE51D75BC59009ED529 /* LoginViewController.h */ = {isa = PBXFileReference; fileEncoding = 4; lastKnownFileType = sourcecode.c.h; path = LoginViewController.h; sourceTree = "<group>"; };
		2D972AE61D75BC59009ED529 /* LoginViewController.m */ = {isa = PBXFileReference; fileEncoding = 4; lastKnownFileType = sourcecode.c.objc; path = LoginViewController.m; sourceTree = "<group>"; };
		2D9F65FC1D71C7D200B08087 /* RegisterViewController.h */ = {isa = PBXFileReference; fileEncoding = 4; lastKnownFileType = sourcecode.c.h; path = RegisterViewController.h; sourceTree = "<group>"; };
		2D9F65FD1D71C7D200B08087 /* RegisterViewController.m */ = {isa = PBXFileReference; fileEncoding = 4; lastKnownFileType = sourcecode.c.objc; path = RegisterViewController.m; sourceTree = "<group>"; };
		2DAD82E51D6AD90C00204866 /* ComputerPaperRecommender.app */ = {isa = PBXFileReference; explicitFileType = wrapper.application; includeInIndex = 0; path = ComputerPaperRecommender.app; sourceTree = BUILT_PRODUCTS_DIR; };
		2DAD82E91D6AD90C00204866 /* main.m */ = {isa = PBXFileReference; lastKnownFileType = sourcecode.c.objc; path = main.m; sourceTree = "<group>"; };
		2DAD82EB1D6AD90C00204866 /* AppDelegate.h */ = {isa = PBXFileReference; lastKnownFileType = sourcecode.c.h; path = AppDelegate.h; sourceTree = "<group>"; };
		2DAD82EC1D6AD90C00204866 /* AppDelegate.m */ = {isa = PBXFileReference; lastKnownFileType = sourcecode.c.objc; path = AppDelegate.m; sourceTree = "<group>"; };
		2DAD82EE1D6AD90C00204866 /* ViewController.h */ = {isa = PBXFileReference; lastKnownFileType = sourcecode.c.h; path = ViewController.h; sourceTree = "<group>"; };
		2DAD82EF1D6AD90C00204866 /* ViewController.m */ = {isa = PBXFileReference; lastKnownFileType = sourcecode.c.objc; path = ViewController.m; sourceTree = "<group>"; };
		2DAD82F21D6AD90C00204866 /* Base */ = {isa = PBXFileReference; lastKnownFileType = file.storyboard; name = Base; path = Base.lproj/Main.storyboard; sourceTree = "<group>"; };
		2DAD82F41D6AD90C00204866 /* Assets.xcassets */ = {isa = PBXFileReference; lastKnownFileType = folder.assetcatalog; path = Assets.xcassets; sourceTree = "<group>"; };
		2DAD82F71D6AD90C00204866 /* Base */ = {isa = PBXFileReference; lastKnownFileType = file.storyboard; name = Base; path = Base.lproj/LaunchScreen.storyboard; sourceTree = "<group>"; };
		2DAD82F91D6AD90C00204866 /* Info.plist */ = {isa = PBXFileReference; lastKnownFileType = text.plist.xml; path = Info.plist; sourceTree = "<group>"; };
		2DAD82FE1D6AD90C00204866 /* ComputerPaperRecommenderTests.xctest */ = {isa = PBXFileReference; explicitFileType = wrapper.cfbundle; includeInIndex = 0; path = ComputerPaperRecommenderTests.xctest; sourceTree = BUILT_PRODUCTS_DIR; };
		2DAD83021D6AD90C00204866 /* ComputerPaperRecommenderTests.m */ = {isa = PBXFileReference; lastKnownFileType = sourcecode.c.objc; path = ComputerPaperRecommenderTests.m; sourceTree = "<group>"; };
		2DAD83041D6AD90C00204866 /* Info.plist */ = {isa = PBXFileReference; lastKnownFileType = text.plist.xml; path = Info.plist; sourceTree = "<group>"; };
		2DAD83091D6AD90C00204866 /* ComputerPaperRecommenderUITests.xctest */ = {isa = PBXFileReference; explicitFileType = wrapper.cfbundle; includeInIndex = 0; path = ComputerPaperRecommenderUITests.xctest; sourceTree = BUILT_PRODUCTS_DIR; };
		2DAD830D1D6AD90C00204866 /* ComputerPaperRecommenderUITests.m */ = {isa = PBXFileReference; lastKnownFileType = sourcecode.c.objc; path = ComputerPaperRecommenderUITests.m; sourceTree = "<group>"; };
		2DAD830F1D6AD90C00204866 /* Info.plist */ = {isa = PBXFileReference; lastKnownFileType = text.plist.xml; path = Info.plist; sourceTree = "<group>"; };
/* End PBXFileReference section */

/* Begin PBXFrameworksBuildPhase section */
		2DAD82E21D6AD90C00204866 /* Frameworks */ = {
			isa = PBXFrameworksBuildPhase;
			buildActionMask = 2147483647;
			files = (
			);
			runOnlyForDeploymentPostprocessing = 0;
		};
		2DAD82FB1D6AD90C00204866 /* Frameworks */ = {
			isa = PBXFrameworksBuildPhase;
			buildActionMask = 2147483647;
			files = (
			);
			runOnlyForDeploymentPostprocessing = 0;
		};
		2DAD83061D6AD90C00204866 /* Frameworks */ = {
			isa = PBXFrameworksBuildPhase;
			buildActionMask = 2147483647;
			files = (
			);
			runOnlyForDeploymentPostprocessing = 0;
		};
/* End PBXFrameworksBuildPhase section */

/* Begin PBXGroup section */
		2D972AE41D75BC0F009ED529 /* ViewController */ = {
			isa = PBXGroup;
			children = (
				2DAD82EE1D6AD90C00204866 /* ViewController.h */,
				2DAD82EF1D6AD90C00204866 /* ViewController.m */,
				2D9F65FC1D71C7D200B08087 /* RegisterViewController.h */,
				2D9F65FD1D71C7D200B08087 /* RegisterViewController.m */,
				2D972AE51D75BC59009ED529 /* LoginViewController.h */,
				2D972AE61D75BC59009ED529 /* LoginViewController.m */,
			);
			name = ViewController;
			sourceTree = "<group>";
		};
		2D9F65FB1D71C0FE00B08087 /* ThirdSDK */ = {
			isa = PBXGroup;
			children = (
			);
			name = ThirdSDK;
			sourceTree = "<group>";
		};
		2DAD82DC1D6AD90C00204866 = {
			isa = PBXGroup;
			children = (
				2DAD82E71D6AD90C00204866 /* ComputerPaperRecommender */,
				2DAD83011D6AD90C00204866 /* ComputerPaperRecommenderTests */,
				2DAD830C1D6AD90C00204866 /* ComputerPaperRecommenderUITests */,
				2DAD82E61D6AD90C00204866 /* Products */,
			);
			sourceTree = "<group>";
		};
		2DAD82E61D6AD90C00204866 /* Products */ = {
			isa = PBXGroup;
			children = (
				2DAD82E51D6AD90C00204866 /* ComputerPaperRecommender.app */,
				2DAD82FE1D6AD90C00204866 /* ComputerPaperRecommenderTests.xctest */,
				2DAD83091D6AD90C00204866 /* ComputerPaperRecommenderUITests.xctest */,
			);
			name = Products;
			sourceTree = "<group>";
		};
		2DAD82E71D6AD90C00204866 /* ComputerPaperRecommender */ = {
			isa = PBXGroup;
			children = (
				2D972AE41D75BC0F009ED529 /* ViewController */,
				2D9F65FB1D71C0FE00B08087 /* ThirdSDK */,
				2DAD82EB1D6AD90C00204866 /* AppDelegate.h */,
				2DAD82EC1D6AD90C00204866 /* AppDelegate.m */,
				2DAD82F11D6AD90C00204866 /* Main.storyboard */,
				2DAD82F41D6AD90C00204866 /* Assets.xcassets */,
				2DAD82F61D6AD90C00204866 /* LaunchScreen.storyboard */,
				2DAD82F91D6AD90C00204866 /* Info.plist */,
				2DAD82E81D6AD90C00204866 /* Supporting Files */,
			);
			path = ComputerPaperRecommender;
			sourceTree = "<group>";
		};
		2DAD82E81D6AD90C00204866 /* Supporting Files */ = {
			isa = PBXGroup;
			children = (
				2D7A5B8A1D703C1400D122C5 /* 01.png */,
				2DAD82E91D6AD90C00204866 /* main.m */,
			);
			name = "Supporting Files";
			sourceTree = "<group>";
		};
		2DAD83011D6AD90C00204866 /* ComputerPaperRecommenderTests */ = {
			isa = PBXGroup;
			children = (
				2DAD83021D6AD90C00204866 /* ComputerPaperRecommenderTests.m */,
				2DAD83041D6AD90C00204866 /* Info.plist */,
			);
			path = ComputerPaperRecommenderTests;
			sourceTree = "<group>";
		};
		2DAD830C1D6AD90C00204866 /* ComputerPaperRecommenderUITests */ = {
			isa = PBXGroup;
			children = (
				2DAD830D1D6AD90C00204866 /* ComputerPaperRecommenderUITests.m */,
				2DAD830F1D6AD90C00204866 /* Info.plist */,
			);
			path = ComputerPaperRecommenderUITests;
			sourceTree = "<group>";
		};
/* End PBXGroup section */

/* Begin PBXNativeTarget section */
		2DAD82E41D6AD90C00204866 /* ComputerPaperRecommender */ = {
			isa = PBXNativeTarget;
			buildConfigurationList = 2DAD83121D6AD90C00204866 /* Build configuration list for PBXNativeTarget "ComputerPaperRecommender" */;
			buildPhases = (
				2DAD82E11D6AD90C00204866 /* Sources */,
				2DAD82E21D6AD90C00204866 /* Frameworks */,
				2DAD82E31D6AD90C00204866 /* Resources */,
			);
			buildRules = (
			);
			dependencies = (
			);
			name = ComputerPaperRecommender;
			productName = ComputerPaperRecommender;
			productReference = 2DAD82E51D6AD90C00204866 /* ComputerPaperRecommender.app */;
			productType = "com.apple.product-type.application";
		};
		2DAD82FD1D6AD90C00204866 /* ComputerPaperRecommenderTests */ = {
			isa = PBXNativeTarget;
			buildConfigurationList = 2DAD83151D6AD90C00204866 /* Build configuration list for PBXNativeTarget "ComputerPaperRecommenderTests" */;
			buildPhases = (
				2DAD82FA1D6AD90C00204866 /* Sources */,
				2DAD82FB1D6AD90C00204866 /* Frameworks */,
				2DAD82FC1D6AD90C00204866 /* Resources */,
			);
			buildRules = (
			);
			dependencies = (
				2DAD83001D6AD90C00204866 /* PBXTargetDependency */,
			);
			name = ComputerPaperRecommenderTests;
			productName = ComputerPaperRecommenderTests;
			productReference = 2DAD82FE1D6AD90C00204866 /* ComputerPaperRecommenderTests.xctest */;
			productType = "com.apple.product-type.bundle.unit-test";
		};
		2DAD83081D6AD90C00204866 /* ComputerPaperRecommenderUITests */ = {
			isa = PBXNativeTarget;
			buildConfigurationList = 2DAD83181D6AD90C00204866 /* Build configuration list for PBXNativeTarget "ComputerPaperRecommenderUITests" */;
			buildPhases = (
				2DAD83051D6AD90C00204866 /* Sources */,
				2DAD83061D6AD90C00204866 /* Frameworks */,
				2DAD83071D6AD90C00204866 /* Resources */,
			);
			buildRules = (
			);
			dependencies = (
				2DAD830B1D6AD90C00204866 /* PBXTargetDependency */,
			);
			name = ComputerPaperRecommenderUITests;
			productName = ComputerPaperRecommenderUITests;
			productReference = 2DAD83091D6AD90C00204866 /* ComputerPaperRecommenderUITests.xctest */;
			productType = "com.apple.product-type.bundle.ui-testing";
		};
/* End PBXNativeTarget section */

/* Begin PBXProject section */
		2DAD82DD1D6AD90C00204866 /* Project object */ = {
			isa = PBXProject;
			attributes = {
				LastUpgradeCheck = 0720;
				ORGANIZATIONNAME = Eight;
				TargetAttributes = {
					2DAD82E41D6AD90C00204866 = {
						CreatedOnToolsVersion = 7.2.1;
					};
					2DAD82FD1D6AD90C00204866 = {
						CreatedOnToolsVersion = 7.2.1;
						TestTargetID = 2DAD82E41D6AD90C00204866;
					};
					2DAD83081D6AD90C00204866 = {
						CreatedOnToolsVersion = 7.2.1;
						TestTargetID = 2DAD82E41D6AD90C00204866;
					};
				};
			};
			buildConfigurationList = 2DAD82E01D6AD90C00204866 /* Build configuration list for PBXProject "ComputerPaperRecommender" */;
			compatibilityVersion = "Xcode 3.2";
			developmentRegion = English;
			hasScannedForEncodings = 0;
			knownRegions = (
				en,
				Base,
			);
			mainGroup = 2DAD82DC1D6AD90C00204866;
			productRefGroup = 2DAD82E61D6AD90C00204866 /* Products */;
			projectDirPath = "";
			projectRoot = "";
			targets = (
				2DAD82E41D6AD90C00204866 /* ComputerPaperRecommender */,
				2DAD82FD1D6AD90C00204866 /* ComputerPaperRecommenderTests */,
				2DAD83081D6AD90C00204866 /* ComputerPaperRecommenderUITests */,
			);
		};
/* End PBXProject section */

/* Begin PBXResourcesBuildPhase section */
		2DAD82E31D6AD90C00204866 /* Resources */ = {
			isa = PBXResourcesBuildPhase;
			buildActionMask = 2147483647;
			files = (
				2D7A5B8B1D703C1400D122C5 /* 01.png in Resources */,
				2DAD82F81D6AD90C00204866 /* LaunchScreen.storyboard in Resources */,
				2DAD82F51D6AD90C00204866 /* Assets.xcassets in Resources */,
				2DAD82F31D6AD90C00204866 /* Main.storyboard in Resources */,
			);
			runOnlyForDeploymentPostprocessing = 0;
		};
		2DAD82FC1D6AD90C00204866 /* Resources */ = {
			isa = PBXResourcesBuildPhase;
			buildActionMask = 2147483647;
			files = (
			);
			runOnlyForDeploymentPostprocessing = 0;
		};
		2DAD83071D6AD90C00204866 /* Resources */ = {
			isa = PBXResourcesBuildPhase;
			buildActionMask = 2147483647;
			files = (
			);
			runOnlyForDeploymentPostprocessing = 0;
		};
/* End PBXResourcesBuildPhase section */

/* Begin PBXSourcesBuildPhase section */
		2DAD82E11D6AD90C00204866 /* Sources */ = {
			isa = PBXSourcesBuildPhase;
			buildActionMask = 2147483647;
			files = (
				2DAD82F01D6AD90C00204866 /* ViewController.m in Sources */,
				2DAD82ED1D6AD90C00204866 /* AppDelegate.m in Sources */,
				2DAD82EA1D6AD90C00204866 /* main.m in Sources */,
				2D9F65FE1D71C7D200B08087 /* RegisterViewController.m in Sources */,
				2D972AE71D75BC59009ED529 /* LoginViewController.m in Sources */,
			);
			runOnlyForDeploymentPostprocessing = 0;
		};
		2DAD82FA1D6AD90C00204866 /* Sources */ = {
			isa = PBXSourcesBuildPhase;
			buildActionMask = 2147483647;
			files = (
				2DAD83031D6AD90C00204866 /* ComputerPaperRecommenderTests.m in Sources */,
			);
			runOnlyForDeploymentPostprocessing = 0;
		};
		2DAD83051D6AD90C00204866 /* Sources */ = {
			isa = PBXSourcesBuildPhase;
			buildActionMask = 2147483647;
			files = (
				2DAD830E1D6AD90C00204866 /* ComputerPaperRecommenderUITests.m in Sources */,
			);
			runOnlyForDeploymentPostprocessing = 0;
		};
/* End PBXSourcesBuildPhase section */

/* Begin PBXTargetDependency section */
		2DAD83001D6AD90C00204866 /* PBXTargetDependency */ = {
			isa = PBXTargetDependency;
			target = 2DAD82E41D6AD90C00204866 /* ComputerPaperRecommender */;
			targetProxy = 2DAD82FF1D6AD90C00204866 /* PBXContainerItemProxy */;
		};
		2DAD830B1D6AD90C00204866 /* PBXTargetDependency */ = {
			isa = PBXTargetDependency;
			target = 2DAD82E41D6AD90C00204866 /* ComputerPaperRecommender */;
			targetProxy = 2DAD830A1D6AD90C00204866 /* PBXContainerItemProxy */;
		};
/* End PBXTargetDependency section */

/* Begin PBXVariantGroup section */
		2DAD82F11D6AD90C00204866 /* Main.storyboard */ = {
			isa = PBXVariantGroup;
			children = (
				2DAD82F21D6AD90C00204866 /* Base */,
			);
			name = Main.storyboard;
			sourceTree = "<group>";
		};
		2DAD82F61D6AD90C00204866 /* LaunchScreen.storyboard */ = {
			isa = PBXVariantGroup;
			children = (
				2DAD82F71D6AD90C00204866 /* Base */,
			);
			name = LaunchScreen.storyboard;
			sourceTree = "<group>";
		};
/* End PBXVariantGroup section */

/* Begin XCBuildConfiguration section */
		2DAD83101D6AD90C00204866 /* Debug */ = {
			isa = XCBuildConfiguration;
			buildSettings = {
				ALWAYS_SEARCH_USER_PATHS = NO;
				CLANG_CXX_LANGUAGE_STANDARD = "gnu++0x";
				CLANG_CXX_LIBRARY = "libc++";
				CLANG_ENABLE_MODULES = YES;
				CLANG_ENABLE_OBJC_ARC = YES;
				CLANG_WARN_BOOL_CONVERSION = YES;
				CLANG_WARN_CONSTANT_CONVERSION = YES;
				CLANG_WARN_DIRECT_OBJC_ISA_USAGE = YES_ERROR;
				CLANG_WARN_EMPTY_BODY = YES;
				CLANG_WARN_ENUM_CONVERSION = YES;
				CLANG_WARN_INT_CONVERSION = YES;
				CLANG_WARN_OBJC_ROOT_CLASS = YES_ERROR;
				CLANG_WARN_UNREACHABLE_CODE = YES;
				CLANG_WARN__DUPLICATE_METHOD_MATCH = YES;
				"CODE_SIGN_IDENTITY[sdk=iphoneos*]" = "iPhone Developer";
				COPY_PHASE_STRIP = NO;
				DEBUG_INFORMATION_FORMAT = dwarf;
				ENABLE_STRICT_OBJC_MSGSEND = YES;
				ENABLE_TESTABILITY = YES;
				GCC_C_LANGUAGE_STANDARD = gnu99;
				GCC_DYNAMIC_NO_PIC = NO;
				GCC_NO_COMMON_BLOCKS = YES;
				GCC_OPTIMIZATION_LEVEL = 0;
				GCC_PREPROCESSOR_DEFINITIONS = (
					"DEBUG=1",
					"$(inherited)",
				);
				GCC_WARN_64_TO_32_BIT_CONVERSION = YES;
				GCC_WARN_ABOUT_RETURN_TYPE = YES_ERROR;
				GCC_WARN_UNDECLARED_SELECTOR = YES;
				GCC_WARN_UNINITIALIZED_AUTOS = YES_AGGRESSIVE;
				GCC_WARN_UNUSED_FUNCTION = YES;
				GCC_WARN_UNUSED_VARIABLE = YES;
				IPHONEOS_DEPLOYMENT_TARGET = 9.2;
				MTL_ENABLE_DEBUG_INFO = YES;
				ONLY_ACTIVE_ARCH = YES;
				SDKROOT = iphoneos;
			};
			name = Debug;
		};
		2DAD83111D6AD90C00204866 /* Release */ = {
			isa = XCBuildConfiguration;
			buildSettings = {
				ALWAYS_SEARCH_USER_PATHS = NO;
				CLANG_CXX_LANGUAGE_STANDARD = "gnu++0x";
				CLANG_CXX_LIBRARY = "libc++";
				CLANG_ENABLE_MODULES = YES;
				CLANG_ENABLE_OBJC_ARC = YES;
				CLANG_WARN_BOOL_CONVERSION = YES;
				CLANG_WARN_CONSTANT_CONVERSION = YES;
				CLANG_WARN_DIRECT_OBJC_ISA_USAGE = YES_ERROR;
				CLANG_WARN_EMPTY_BODY = YES;
				CLANG_WARN_ENUM_CONVERSION = YES;
				CLANG_WARN_INT_CONVERSION = YES;
				CLANG_WARN_OBJC_ROOT_CLASS = YES_ERROR;
				CLANG_WARN_UNREACHABLE_CODE = YES;
				CLANG_WARN__DUPLICATE_METHOD_MATCH = YES;
				"CODE_SIGN_IDENTITY[sdk=iphoneos*]" = "iPhone Developer";
				COPY_PHASE_STRIP = NO;
				DEBUG_INFORMATION_FORMAT = "dwarf-with-dsym";
				ENABLE_NS_ASSERTIONS = NO;
				ENABLE_STRICT_OBJC_MSGSEND = YES;
				GCC_C_LANGUAGE_STANDARD = gnu99;
				GCC_NO_COMMON_BLOCKS = YES;
				GCC_WARN_64_TO_32_BIT_CONVERSION = YES;
				GCC_WARN_ABOUT_RETURN_TYPE = YES_ERROR;
				GCC_WARN_UNDECLARED_SELECTOR = YES;
				GCC_WARN_UNINITIALIZED_AUTOS = YES_AGGRESSIVE;
				GCC_WARN_UNUSED_FUNCTION = YES;
				GCC_WARN_UNUSED_VARIABLE = YES;
				IPHONEOS_DEPLOYMENT_TARGET = 9.2;
				MTL_ENABLE_DEBUG_INFO = NO;
				SDKROOT = iphoneos;
				VALIDATE_PRODUCT = YES;
			};
			name = Release;
		};
		2DAD83131D6AD90C00204866 /* Debug */ = {
			isa = XCBuildConfiguration;
			buildSettings = {
				ASSETCATALOG_COMPILER_APPICON_NAME = AppIcon;
				ASSETCATALOG_COMPILER_LAUNCHIMAGE_NAME = "Brand Assets";
				INFOPLIST_FILE = ComputerPaperRecommender/Info.plist;
				LD_RUNPATH_SEARCH_PATHS = "$(inherited) @executable_path/Frameworks";
				PRODUCT_BUNDLE_IDENTIFIER = jlu.ComputerPaperRecommender;
				PRODUCT_NAME = "$(TARGET_NAME)";
			};
			name = Debug;
		};
		2DAD83141D6AD90C00204866 /* Release */ = {
			isa = XCBuildConfiguration;
			buildSettings = {
				ASSETCATALOG_COMPILER_APPICON_NAME = AppIcon;
				ASSETCATALOG_COMPILER_LAUNCHIMAGE_NAME = "Brand Assets";
				INFOPLIST_FILE = ComputerPaperRecommender/Info.plist;
				LD_RUNPATH_SEARCH_PATHS = "$(inherited) @executable_path/Frameworks";
				PRODUCT_BUNDLE_IDENTIFIER = jlu.ComputerPaperRecommender;
				PRODUCT_NAME = "$(TARGET_NAME)";
			};
			name = Release;
		};
		2DAD83161D6AD90C00204866 /* Debug */ = {
			isa = XCBuildConfiguration;
			buildSettings = {
				BUNDLE_LOADER = "$(TEST_HOST)";
				INFOPLIST_FILE = ComputerPaperRecommenderTests/Info.plist;
				LD_RUNPATH_SEARCH_PATHS = "$(inherited) @executable_path/Frameworks @loader_path/Frameworks";
				PRODUCT_BUNDLE_IDENTIFIER = jlu.ComputerPaperRecommenderTests;
				PRODUCT_NAME = "$(TARGET_NAME)";
				TEST_HOST = "$(BUILT_PRODUCTS_DIR)/ComputerPaperRecommender.app/ComputerPaperRecommender";
			};
			name = Debug;
		};
		2DAD83171D6AD90C00204866 /* Release */ = {
			isa = XCBuildConfiguration;
			buildSettings = {
				BUNDLE_LOADER = "$(TEST_HOST)";
				INFOPLIST_FILE = ComputerPaperRecommenderTests/Info.plist;
				LD_RUNPATH_SEARCH_PATHS = "$(inherited) @executable_path/Frameworks @loader_path/Frameworks";
				PRODUCT_BUNDLE_IDENTIFIER = jlu.ComputerPaperRecommenderTests;
				PRODUCT_NAME = "$(TARGET_NAME)";
				TEST_HOST = "$(BUILT_PRODUCTS_DIR)/ComputerPaperRecommender.app/ComputerPaperRecommender";
			};
			name = Release;
		};
		2DAD83191D6AD90C00204866 /* Debug */ = {
			isa = XCBuildConfiguration;
			buildSettings = {
				INFOPLIST_FILE = ComputerPaperRecommenderUITests/Info.plist;
				LD_RUNPATH_SEARCH_PATHS = "$(inherited) @executable_path/Frameworks @loader_path/Frameworks";
				PRODUCT_BUNDLE_IDENTIFIER = jlu.ComputerPaperRecommenderUITests;
				PRODUCT_NAME = "$(TARGET_NAME)";
				TEST_TARGET_NAME = ComputerPaperRecommender;
				USES_XCTRUNNER = YES;
			};
			name = Debug;
		};
		2DAD831A1D6AD90C00204866 /* Release */ = {
			isa = XCBuildConfiguration;
			buildSettings = {
				INFOPLIST_FILE = ComputerPaperRecommenderUITests/Info.plist;
				LD_RUNPATH_SEARCH_PATHS = "$(inherited) @executable_path/Frameworks @loader_path/Frameworks";
				PRODUCT_BUNDLE_IDENTIFIER = jlu.ComputerPaperRecommenderUITests;
				PRODUCT_NAME = "$(TARGET_NAME)";
				TEST_TARGET_NAME = ComputerPaperRecommender;
				USES_XCTRUNNER = YES;
			};
			name = Release;
		};
/* End XCBuildConfiguration section */

/* Begin XCConfigurationList section */
		2DAD82E01D6AD90C00204866 /* Build configuration list for PBXProject "ComputerPaperRecommender" */ = {
			isa = XCConfigurationList;
			buildConfigurations = (
				2DAD83101D6AD90C00204866 /* Debug */,
				2DAD83111D6AD90C00204866 /* Release */,
			);
			defaultConfigurationIsVisible = 0;
			defaultConfigurationName = Release;
		};
		2DAD83121D6AD90C00204866 /* Build configuration list for PBXNativeTarget "ComputerPaperRecommender" */ = {
			isa = XCConfigurationList;
			buildConfigurations = (
				2DAD83131D6AD90C00204866 /* Debug */,
				2DAD83141D6AD90C00204866 /* Release */,
			);
			defaultConfigurationIsVisible = 0;
			defaultConfigurationName = Release;
		};
		2DAD83151D6AD90C00204866 /* Build configuration list for PBXNativeTarget "ComputerPaperRecommenderTests" */ = {
			isa = XCConfigurationList;
			buildConfigurations = (
				2DAD83161D6AD90C00204866 /* Debug */,
				2DAD83171D6AD90C00204866 /* Release */,
			);
			defaultConfigurationIsVisible = 0;
			defaultConfigurationName = Release;
		};
		2DAD83181D6AD90C00204866 /* Build configuration list for PBXNativeTarget "ComputerPaperRecommenderUITests" */ = {
			isa = XCConfigurationList;
			buildConfigurations = (
				2DAD83191D6AD90C00204866 /* Debug */,
				2DAD831A1D6AD90C00204866 /* Release */,
			);
			defaultConfigurationIsVisible = 0;
			defaultConfigurationName = Release;
		};
/* End XCConfigurationList section */
	};
	rootObject = 2DAD82DD1D6AD90C00204866 /* Project object */;
}
